
Microsoft Visual Studio Solution File, Format Version 12.00
# Visual Studio Version 17
VisualStudioVersion = 17.2.32526.322
MinimumVisualStudioVersion = 10.0.40219.1
Project("{9A19103F-16F7-4668-BE54-9A1E7A4F7556}") = "Field_spraying_ASP.NET_MVC", "Field_spraying_ASP.NET_MVC\Field_spraying_ASP.NET_MVC.csproj", "{A5D0BD7D-F08A-42C1-BF14-D7F5CAE29DF7}"
EndProject
Project("{9A19103F-16F7-4668-BE54-9A1E7A4F7556}") = "DynamoDb.Libs", "DynamoDb.Libs\DynamoDb.Libs.csproj", "{68777731-418D-4A18-9A47-58663BE50012}"
EndProject
Project("{9A19103F-16F7-4668-BE54-9A1E7A4F7556}") = "UnitTestsProject", "TestProject2\UnitTestsProject.csproj", "{423EC23C-7D15-4AC7-8651-D1B578F09E3C}"
EndProject
Global
	GlobalSection(SolutionConfigurationPlatforms) = preSolution
		Debug|Any CPU = Debug|Any CPU
		Release|Any CPU = Release|Any CPU
	EndGlobalSection
	GlobalSection(ProjectConfigurationPlatforms) = postSolution
		{A5D0BD7D-F08A-42C1-BF14-D7F5CAE29DF7}.Debug|Any CPU.ActiveCfg = Debug|Any CPU
		{A5D0BD7D-F08A-42C1-BF14-D7F5CAE29DF7}.Debug|Any CPU.Build.0 = Debug|Any CPU
		{A5D0BD7D-F08A-42C1-BF14-D7F5CAE29DF7}.Release|Any CPU.ActiveCfg = Release|Any CPU
		{A5D0BD7D-F08A-42C1-BF14-D7F5CAE29DF7}.Release|Any CPU.Build.0 = Release|Any CPU
		{68777731-418D-4A18-9A47-58663BE50012}.Debug|Any CPU.ActiveCfg = Debug|Any CPU
		{68777731-418D-4A18-9A47-58663BE50012}.Debug|Any CPU.Build.0 = Debug|Any CPU
		{68777731-418D-4A18-9A47-58663BE50012}.Release|Any CPU.ActiveCfg = Release|Any CPU
		{68777731-418D-4A18-9A47-58663BE50012}.Release|Any CPU.Build.0 = Release|Any CPU
		{423EC23C-7D15-4AC7-8651-D1B578F09E3C}.Debug|Any CPU.ActiveCfg = Debug|Any CPU
		{423EC23C-7D15-4AC7-8651-D1B578F09E3C}.Debug|Any CPU.Build.0 = Debug|Any CPU
		{423EC23C-7D15-4AC7-8651-D1B578F09E3C}.Release|Any CPU.ActiveCfg = Release|Any CPU
		{423EC23C-7D15-4AC7-8651-D1B578F09E3C}.Release|Any CPU.Build.0 = Release|Any CPU
	EndGlobalSection
	GlobalSection(SolutionProperties) = preSolution
		HideSolutionNode = FALSE
	EndGlobalSection
	GlobalSection(ExtensibilityGlobals) = postSolution
		SolutionGuid = {A1AB9FE3-7FCB-4858-9CC4-28C8D861750A}
	EndGlobalSection
EndGlobal
